
Microsoft Visual Studio Solution File, Format Version 12.00
# Visual Studio Version 16
VisualStudioVersion = 16.0.29025.244
MinimumVisualStudioVersion = 10.0.40219.1
Project("{FAE04EC0-301F-11D3-BF4B-00C04F79EFBC}") = "GCBot", "GCBot\GCBot.csproj", "{A61DA9DE-F1E4-4C85-B5D1-14A0C53F9093}"
EndProject
Project("{FAE04EC0-301F-11D3-BF4B-00C04F79EFBC}") = "GCBot.Core", "GCBot.Core\GCBot.Core.csproj", "{6E76E174-CB1C-4DFA-A42D-1D6D02B2060B}"
EndProject
Project("{FAE04EC0-301F-11D3-BF4B-00C04F79EFBC}") = "GCBot.Data", "GCBot.Data\GCBot.Data.csproj", "{FCEF659B-A79C-459B-B839-8174F5A4AB23}"
EndProject
Project("{FAE04EC0-301F-11D3-BF4B-00C04F79EFBC}") = "GCBot.Services", "GCBot.Services\GCBot.Services.csproj", "{2AE61F99-EFF4-459A-B7F0-443E200639E5}"
EndProject
Project("{FAE04EC0-301F-11D3-BF4B-00C04F79EFBC}") = "GCBot.Core.Tests", "GCBot.Core.Tests\GCBot.Core.Tests.csproj", "{1C959114-1CBD-4EB4-83B2-6BD37C15BD8B}"
EndProject
Global
	GlobalSection(SolutionConfigurationPlatforms) = preSolution
		Debug|Any CPU = Debug|Any CPU
		Release|Any CPU = Release|Any CPU
	EndGlobalSection
	GlobalSection(ProjectConfigurationPlatforms) = postSolution
		{A61DA9DE-F1E4-4C85-B5D1-14A0C53F9093}.Debug|Any CPU.ActiveCfg = Debug|Any CPU
		{A61DA9DE-F1E4-4C85-B5D1-14A0C53F9093}.Debug|Any CPU.Build.0 = Debug|Any CPU
		{A61DA9DE-F1E4-4C85-B5D1-14A0C53F9093}.Release|Any CPU.ActiveCfg = Release|Any CPU
		{A61DA9DE-F1E4-4C85-B5D1-14A0C53F9093}.Release|Any CPU.Build.0 = Release|Any CPU
		{6E76E174-CB1C-4DFA-A42D-1D6D02B2060B}.Debug|Any CPU.ActiveCfg = Debug|Any CPU
		{6E76E174-CB1C-4DFA-A42D-1D6D02B2060B}.Debug|Any CPU.Build.0 = Debug|Any CPU
		{6E76E174-CB1C-4DFA-A42D-1D6D02B2060B}.Release|Any CPU.ActiveCfg = Release|Any CPU
		{6E76E174-CB1C-4DFA-A42D-1D6D02B2060B}.Release|Any CPU.Build.0 = Release|Any CPU
		{FCEF659B-A79C-459B-B839-8174F5A4AB23}.Debug|Any CPU.ActiveCfg = Debug|Any CPU
		{FCEF659B-A79C-459B-B839-8174F5A4AB23}.Debug|Any CPU.Build.0 = Debug|Any CPU
		{FCEF659B-A79C-459B-B839-8174F5A4AB23}.Release|Any CPU.ActiveCfg = Release|Any CPU
		{FCEF659B-A79C-459B-B839-8174F5A4AB23}.Release|Any CPU.Build.0 = Release|Any CPU
		{2AE61F99-EFF4-459A-B7F0-443E200639E5}.Debug|Any CPU.ActiveCfg = Debug|Any CPU
		{2AE61F99-EFF4-459A-B7F0-443E200639E5}.Debug|Any CPU.Build.0 = Debug|Any CPU
		{2AE61F99-EFF4-459A-B7F0-443E200639E5}.Release|Any CPU.ActiveCfg = Release|Any CPU
		{2AE61F99-EFF4-459A-B7F0-443E200639E5}.Release|Any CPU.Build.0 = Release|Any CPU
		{1C959114-1CBD-4EB4-83B2-6BD37C15BD8B}.Debug|Any CPU.ActiveCfg = Debug|Any CPU
		{1C959114-1CBD-4EB4-83B2-6BD37C15BD8B}.Debug|Any CPU.Build.0 = Debug|Any CPU
		{1C959114-1CBD-4EB4-83B2-6BD37C15BD8B}.Release|Any CPU.ActiveCfg = Release|Any CPU
		{1C959114-1CBD-4EB4-83B2-6BD37C15BD8B}.Release|Any CPU.Build.0 = Release|Any CPU
	EndGlobalSection
	GlobalSection(SolutionProperties) = preSolution
		HideSolutionNode = FALSE
	EndGlobalSection
	GlobalSection(ExtensibilityGlobals) = postSolution
		SolutionGuid = {FF28078D-3622-482D-AE55-A3A076C2E7E9}
	EndGlobalSection
EndGlobal
